
Microsoft Visual Studio Solution File, Format Version 12.00
# Visual Studio Version 17
VisualStudioVersion = 17.11.35312.102
MinimumVisualStudioVersion = 10.0.40219.1
Project("{FAE04EC0-301F-11D3-BF4B-00C04F79EFBC}") = "AbsoluteLayoutExperiments", "AbsoluteLayoutExperiments\AbsoluteLayoutExperiments.csproj", "{759E5D21-CEAB-4FCE-AFB4-51F9356E1CB2}"
EndProject
Global
	GlobalSection(SolutionConfigurationPlatforms) = preSolution
		Debug|Any CPU = Debug|Any CPU
		Release|Any CPU = Release|Any CPU
	EndGlobalSection
	GlobalSection(ProjectConfigurationPlatforms) = postSolution
		{759E5D21-CEAB-4FCE-AFB4-51F9356E1CB2}.Debug|Any CPU.ActiveCfg = Debug|Any CPU
		{759E5D21-CEAB-4FCE-AFB4-51F9356E1CB2}.Debug|Any CPU.Build.0 = Debug|Any CPU
		{759E5D21-CEAB-4FCE-AFB4-51F9356E1CB2}.Debug|Any CPU.Deploy.0 = Debug|Any CPU
		{759E5D21-CEAB-4FCE-AFB4-51F9356E1CB2}.Release|Any CPU.ActiveCfg = Release|Any CPU
		{759E5D21-CEAB-4FCE-AFB4-51F9356E1CB2}.Release|Any CPU.Build.0 = Release|Any CPU
		{759E5D21-CEAB-4FCE-AFB4-51F9356E1CB2}.Release|Any CPU.Deploy.0 = Release|Any CPU
	EndGlobalSection
	GlobalSection(SolutionProperties) = preSolution
		HideSolutionNode = FALSE
	EndGlobalSection
	GlobalSection(ExtensibilityGlobals) = postSolution
		SolutionGuid = {F83C761C-42CF-4C79-BBB9-476DC9753BD8}
	EndGlobalSection
EndGlobal
